// !$*UTF8*$!
{
	archiveVersion = 1;
	classes = {
	};
	objectVersion = 50;
	objects = {

/* Begin PBXBuildFile section */
		C2118EB021EF82860070DCB3 /* AppDelegate.m in Sources */ = {isa = PBXBuildFile; fileRef = C2118EAF21EF82860070DCB3 /* AppDelegate.m */; };
		C2118EB321EF82860070DCB3 /* ViewController.m in Sources */ = {isa = PBXBuildFile; fileRef = C2118EB221EF82860070DCB3 /* ViewController.m */; };
		C2118EB621EF82860070DCB3 /* Main.storyboard in Resources */ = {isa = PBXBuildFile; fileRef = C2118EB421EF82860070DCB3 /* Main.storyboard */; };
		C2118EB921EF82860070DCB3 /* tesWorpSpace.xcdatamodeld in Sources */ = {isa = PBXBuildFile; fileRef = C2118EB721EF82860070DCB3 /* tesWorpSpace.xcdatamodeld */; };
		C2118EBB21EF82870070DCB3 /* Assets.xcassets in Resources */ = {isa = PBXBuildFile; fileRef = C2118EBA21EF82870070DCB3 /* Assets.xcassets */; };
		C2118EBE21EF82870070DCB3 /* LaunchScreen.storyboard in Resources */ = {isa = PBXBuildFile; fileRef = C2118EBC21EF82870070DCB3 /* LaunchScreen.storyboard */; };
		C2118EC121EF82870070DCB3 /* main.m in Sources */ = {isa = PBXBuildFile; fileRef = C2118EC021EF82870070DCB3 /* main.m */; };
		DF891F5E2337D8259DC3EFA4 /* libPods-tesWorpSpace.a in Frameworks */ = {isa = PBXBuildFile; fileRef = DB1161EFC1A09CB893C1C079 /* libPods-tesWorpSpace.a */; };
/* End PBXBuildFile section */

/* Begin PBXFileReference section */
		7A434F4175915C65433B409B /* Pods-tesWorpSpace.debug.xcconfig */ = {isa = PBXFileReference; includeInIndex = 1; lastKnownFileType = text.xcconfig; name = "Pods-tesWorpSpace.debug.xcconfig"; path = "../Pods/Target Support Files/Pods-tesWorpSpace/Pods-tesWorpSpace.debug.xcconfig"; sourceTree = "<group>"; };
		C2118EAB21EF82860070DCB3 /* tesWorpSpace.app */ = {isa = PBXFileReference; explicitFileType = wrapper.application; includeInIndex = 0; path = tesWorpSpace.app; sourceTree = BUILT_PRODUCTS_DIR; };
		C2118EAE21EF82860070DCB3 /* AppDelegate.h */ = {isa = PBXFileReference; lastKnownFileType = sourcecode.c.h; path = AppDelegate.h; sourceTree = "<group>"; };
		C2118EAF21EF82860070DCB3 /* AppDelegate.m */ = {isa = PBXFileReference; lastKnownFileType = sourcecode.c.objc; path = AppDelegate.m; sourceTree = "<group>"; };
		C2118EB121EF82860070DCB3 /* ViewController.h */ = {isa = PBXFileReference; lastKnownFileType = sourcecode.c.h; path = ViewController.h; sourceTree = "<group>"; };
		C2118EB221EF82860070DCB3 /* ViewController.m */ = {isa = PBXFileReference; lastKnownFileType = sourcecode.c.objc; path = ViewController.m; sourceTree = "<group>"; };
		C2118EB521EF82860070DCB3 /* Base */ = {isa = PBXFileReference; lastKnownFileType = file.storyboard; name = Base; path = Base.lproj/Main.storyboard; sourceTree = "<group>"; };
		C2118EB821EF82860070DCB3 /* tesWorpSpace.xcdatamodel */ = {isa = PBXFileReference; lastKnownFileType = wrapper.xcdatamodel; path = tesWorpSpace.xcdatamodel; sourceTree = "<group>"; };
		C2118EBA21EF82870070DCB3 /* Assets.xcassets */ = {isa = PBXFileReference; lastKnownFileType = folder.assetcatalog; path = Assets.xcassets; sourceTree = "<group>"; };
		C2118EBD21EF82870070DCB3 /* Base */ = {isa = PBXFileReference; lastKnownFileType = file.storyboard; name = Base; path = Base.lproj/LaunchScreen.storyboard; sourceTree = "<group>"; };
		C2118EBF21EF82870070DCB3 /* Info.plist */ = {isa = PBXFileReference; lastKnownFileType = text.plist.xml; path = Info.plist; sourceTree = "<group>"; };
		C2118EC021EF82870070DCB3 /* main.m */ = {isa = PBXFileReference; lastKnownFileType = sourcecode.c.objc; path = main.m; sourceTree = "<group>"; };
		DB1161EFC1A09CB893C1C079 /* libPods-tesWorpSpace.a */ = {isa = PBXFileReference; explicitFileType = archive.ar; includeInIndex = 0; path = "libPods-tesWorpSpace.a"; sourceTree = BUILT_PRODUCTS_DIR; };
		E2410A560A08CF93251EA165 /* Pods-tesWorpSpace.release.xcconfig */ = {isa = PBXFileReference; includeInIndex = 1; lastKnownFileType = text.xcconfig; name = "Pods-tesWorpSpace.release.xcconfig"; path = "../Pods/Target Support Files/Pods-tesWorpSpace/Pods-tesWorpSpace.release.xcconfig"; sourceTree = "<group>"; };
/* End PBXFileReference section */

/* Begin PBXFrameworksBuildPhase section */
		C2118EA821EF82860070DCB3 /* Frameworks */ = {
			isa = PBXFrameworksBuildPhase;
			buildActionMask = 2147483647;
			files = (
				DF891F5E2337D8259DC3EFA4 /* libPods-tesWorpSpace.a in Frameworks */,
			);
			runOnlyForDeploymentPostprocessing = 0;
		};
/* End PBXFrameworksBuildPhase section */

/* Begin PBXGroup section */
		44FB094B8FB1C67876E8C440 /* Frameworks */ = {
			isa = PBXGroup;
			children = (
				DB1161EFC1A09CB893C1C079 /* libPods-tesWorpSpace.a */,
			);
			name = Frameworks;
			sourceTree = "<group>";
		};
		AE24631B5150F77340CDCFBF /* Pods */ = {
			isa = PBXGroup;
			children = (
				7A434F4175915C65433B409B /* Pods-tesWorpSpace.debug.xcconfig */,
				E2410A560A08CF93251EA165 /* Pods-tesWorpSpace.release.xcconfig */,
			);
			name = Pods;
			sourceTree = "<group>";
		};
		C2118EA221EF82860070DCB3 = {
			isa = PBXGroup;
			children = (
				C2118EAD21EF82860070DCB3 /* tesWorpSpace */,
				C2118EAC21EF82860070DCB3 /* Products */,
				AE24631B5150F77340CDCFBF /* Pods */,
				44FB094B8FB1C67876E8C440 /* Frameworks */,
			);
			sourceTree = "<group>";
		};
		C2118EAC21EF82860070DCB3 /* Products */ = {
			isa = PBXGroup;
			children = (
				C2118EAB21EF82860070DCB3 /* tesWorpSpace.app */,
			);
			name = Products;
			sourceTree = "<group>";
		};
		C2118EAD21EF82860070DCB3 /* tesWorpSpace */ = {
			isa = PBXGroup;
			children = (
				C2118EAE21EF82860070DCB3 /* AppDelegate.h */,
				C2118EAF21EF82860070DCB3 /* AppDelegate.m */,
				C2118EB121EF82860070DCB3 /* ViewController.h */,
				C2118EB221EF82860070DCB3 /* ViewController.m */,
				C2118EB421EF82860070DCB3 /* Main.storyboard */,
				C2118EBA21EF82870070DCB3 /* Assets.xcassets */,
				C2118EBC21EF82870070DCB3 /* LaunchScreen.storyboard */,
				C2118EBF21EF82870070DCB3 /* Info.plist */,
				C2118EC021EF82870070DCB3 /* main.m */,
				C2118EB721EF82860070DCB3 /* tesWorpSpace.xcdatamodeld */,
			);
			path = tesWorpSpace;
			sourceTree = "<group>";
		};
/* End PBXGroup section */

/* Begin PBXNativeTarget section */
		C2118EAA21EF82860070DCB3 /* tesWorpSpace */ = {
			isa = PBXNativeTarget;
			buildConfigurationList = C2118EC421EF82870070DCB3 /* Build configuration list for PBXNativeTarget "tesWorpSpace" */;
			buildPhases = (
				FFE758EAB01D97BE9C0FF287 /* [CP] Check Pods Manifest.lock */,
				C2118EA721EF82860070DCB3 /* Sources */,
				C2118EA821EF82860070DCB3 /* Frameworks */,
				C2118EA921EF82860070DCB3 /* Resources */,
			);
			buildRules = (
			);
			dependencies = (
			);
			name = tesWorpSpace;
			productName = tesWorpSpace;
			productReference = C2118EAB21EF82860070DCB3 /* tesWorpSpace.app */;
			productType = "com.apple.product-type.application";
		};
/* End PBXNativeTarget section */

/* Begin PBXProject section */
		C2118EA321EF82860070DCB3 /* Project object */ = {
			isa = PBXProject;
			attributes = {
				LastUpgradeCheck = 1010;
				ORGANIZATIONNAME = yh;
				TargetAttributes = {
					C2118EAA21EF82860070DCB3 = {
						CreatedOnToolsVersion = 10.1;
					};
				};
			};
			buildConfigurationList = C2118EA621EF82860070DCB3 /* Build configuration list for PBXProject "tesWorpSpace" */;
			compatibilityVersion = "Xcode 9.3";
			developmentRegion = en;
			hasScannedForEncodings = 0;
			knownRegions = (
				en,
				Base,
			);
			mainGroup = C2118EA221EF82860070DCB3;
			productRefGroup = C2118EAC21EF82860070DCB3 /* Products */;
			projectDirPath = "";
			projectRoot = "";
			targets = (
				C2118EAA21EF82860070DCB3 /* tesWorpSpace */,
			);
		};
/* End PBXProject section */

/* Begin PBXResourcesBuildPhase section */
		C2118EA921EF82860070DCB3 /* Resources */ = {
			isa = PBXResourcesBuildPhase;
			buildActionMask = 2147483647;
			files = (
				C2118EBE21EF82870070DCB3 /* LaunchScreen.storyboard in Resources */,
				C2118EBB21EF82870070DCB3 /* Assets.xcassets in Resources */,
				C2118EB621EF82860070DCB3 /* Main.storyboard in Resources */,
			);
			runOnlyForDeploymentPostprocessing = 0;
		};
/* End PBXResourcesBuildPhase section */

/* Begin PBXShellScriptBuildPhase section */
		FFE758EAB01D97BE9C0FF287 /* [CP] Check Pods Manifest.lock */ = {
			isa = PBXShellScriptBuildPhase;
			buildActionMask = 2147483647;
			files = (
			);
			inputPaths = (
				"${PODS_PODFILE_DIR_PATH}/Podfile.lock",
				"${PODS_ROOT}/Manifest.lock",
			);
			name = "[CP] Check Pods Manifest.lock";
			outputPaths = (
				"$(DERIVED_FILE_DIR)/Pods-tesWorpSpace-checkManifestLockResult.txt",
			);
			runOnlyForDeploymentPostprocessing = 0;
			shellPath = /bin/sh;
			shellScript = "diff \"${PODS_PODFILE_DIR_PATH}/Podfile.lock\" \"${PODS_ROOT}/Manifest.lock\" > /dev/null\nif [ $? != 0 ] ; then\n    # print error to STDERR\n    echo \"error: The sandbox is not in sync with the Podfile.lock. Run 'pod install' or update your CocoaPods installation.\" >&2\n    exit 1\nfi\n# This output is used by Xcode 'outputs' to avoid re-running this script phase.\necho \"SUCCESS\" > \"${SCRIPT_OUTPUT_FILE_0}\"\n";
			showEnvVarsInLog = 0;
		};
/* End PBXShellScriptBuildPhase section */

/* Begin PBXSourcesBuildPhase section */
		C2118EA721EF82860070DCB3 /* Sources */ = {
			isa = PBXSourcesBuildPhase;
			buildActionMask = 2147483647;
			files = (
				C2118EB321EF82860070DCB3 /* ViewController.m in Sources */,
				C2118EB021EF82860070DCB3 /* AppDelegate.m in Sources */,
				C2118EC121EF82870070DCB3 /* main.m in Sources */,
				C2118EB921EF82860070DCB3 /* tesWorpSpace.xcdatamodeld in Sources */,
			);
			runOnlyForDeploymentPostprocessing = 0;
		};
/* End PBXSourcesBuildPhase section */

/* Begin PBXVariantGroup section */
		C2118EB421EF82860070DCB3 /* Main.storyboard */ = {
			isa = PBXVariantGroup;
			children = (
				C2118EB521EF82860070DCB3 /* Base */,
			);
			name = Main.storyboard;
			sourceTree = "<group>";
		};
		C2118EBC21EF82870070DCB3 /* LaunchScreen.storyboard */ = {
			isa = PBXVariantGroup;
			children = (
				C2118EBD21EF82870070DCB3 /* Base */,
			);
			name = LaunchScreen.storyboard;
			sourceTree = "<group>";
		};
/* End PBXVariantGroup section */

/* Begin XCBuildConfiguration section */
		C2118EC221EF82870070DCB3 /* Debug */ = {
			isa = XCBuildConfiguration;
			buildSettings = {
				ALWAYS_SEARCH_USER_PATHS = NO;
				CLANG_ANALYZER_NONNULL = YES;
				CLANG_ANALYZER_NUMBER_OBJECT_CONVERSION = YES_AGGRESSIVE;
				CLANG_CXX_LANGUAGE_STANDARD = "gnu++14";
				CLANG_CXX_LIBRARY = "libc++";
				CLANG_ENABLE_MODULES = YES;
				CLANG_ENABLE_OBJC_ARC = YES;
				CLANG_ENABLE_OBJC_WEAK = YES;
				CLANG_WARN_BLOCK_CAPTURE_AUTORELEASING = YES;
				CLANG_WARN_BOOL_CONVERSION = YES;
				CLANG_WARN_COMMA = YES;
				CLANG_WARN_CONSTANT_CONVERSION = YES;
				CLANG_WARN_DEPRECATED_OBJC_IMPLEMENTATIONS = YES;
				CLANG_WARN_DIRECT_OBJC_ISA_USAGE = YES_ERROR;
				CLANG_WARN_DOCUMENTATION_COMMENTS = YES;
				CLANG_WARN_EMPTY_BODY = YES;
				CLANG_WARN_ENUM_CONVERSION = YES;
				CLANG_WARN_INFINITE_RECURSION = YES;
				CLANG_WARN_INT_CONVERSION = YES;
				CLANG_WARN_NON_LITERAL_NULL_CONVERSION = YES;
				CLANG_WARN_OBJC_IMPLICIT_RETAIN_SELF = YES;
				CLANG_WARN_OBJC_LITERAL_CONVERSION = YES;
				CLANG_WARN_OBJC_ROOT_CLASS = YES_ERROR;
				CLANG_WARN_RANGE_LOOP_ANALYSIS = YES;
				CLANG_WARN_STRICT_PROTOTYPES = YES;
				CLANG_WARN_SUSPICIOUS_MOVE = YES;
				CLANG_WARN_UNGUARDED_AVAILABILITY = YES_AGGRESSIVE;
				CLANG_WARN_UNREACHABLE_CODE = YES;
				CLANG_WARN__DUPLICATE_METHOD_MATCH = YES;
				CODE_SIGN_IDENTITY = "iPhone Developer";
				COPY_PHASE_STRIP = NO;
				DEBUG_INFORMATION_FORMAT = dwarf;
				ENABLE_STRICT_OBJC_MSGSEND = YES;
				ENABLE_TESTABILITY = YES;
				GCC_C_LANGUAGE_STANDARD = gnu11;
				GCC_DYNAMIC_NO_PIC = NO;
				GCC_NO_COMMON_BLOCKS = YES;
				GCC_OPTIMIZATION_LEVEL = 0;
				GCC_PREPROCESSOR_DEFINITIONS = (
					"DEBUG=1",
					"$(inherited)",
				);
				GCC_WARN_64_TO_32_BIT_CONVERSION = YES;
				GCC_WARN_ABOUT_RETURN_TYPE = YES_ERROR;
				GCC_WARN_UNDECLARED_SELECTOR = YES;
				GCC_WARN_UNINITIALIZED_AUTOS = YES_AGGRESSIVE;
				GCC_WARN_UNUSED_FUNCTION = YES;
				GCC_WARN_UNUSED_VARIABLE = YES;
				IPHONEOS_DEPLOYMENT_TARGET = 12.1;
				MTL_ENABLE_DEBUG_INFO = INCLUDE_SOURCE;
				MTL_FAST_MATH = YES;
				ONLY_ACTIVE_ARCH = YES;
				SDKROOT = iphoneos;
			};
			name = Debug;
		};
		C2118EC321EF82870070DCB3 /* Release */ = {
			isa = XCBuildConfiguration;
			buildSettings = {
				ALWAYS_SEARCH_USER_PATHS = NO;
				CLANG_ANALYZER_NONNULL = YES;
				CLANG_ANALYZER_NUMBER_OBJECT_CONVERSION = YES_AGGRESSIVE;
				CLANG_CXX_LANGUAGE_STANDARD = "gnu++14";
				CLANG_CXX_LIBRARY = "libc++";
				CLANG_ENABLE_MODULES = YES;
				CLANG_ENABLE_OBJC_ARC = YES;
				CLANG_ENABLE_OBJC_WEAK = YES;
				CLANG_WARN_BLOCK_CAPTURE_AUTORELEASING = YES;
				CLANG_WARN_BOOL_CONVERSION = YES;
				CLANG_WARN_COMMA = YES;
				CLANG_WARN_CONSTANT_CONVERSION = YES;
				CLANG_WARN_DEPRECATED_OBJC_IMPLEMENTATIONS = YES;
				CLANG_WARN_DIRECT_OBJC_ISA_USAGE = YES_ERROR;
				CLANG_WARN_DOCUMENTATION_COMMENTS = YES;
				CLANG_WARN_EMPTY_BODY = YES;
				CLANG_WARN_ENUM_CONVERSION = YES;
				CLANG_WARN_INFINITE_RECURSION = YES;
				CLANG_WARN_INT_CONVERSION = YES;
				CLANG_WARN_NON_LITERAL_NULL_CONVERSION = YES;
				CLANG_WARN_OBJC_IMPLICIT_RETAIN_SELF = YES;
				CLANG_WARN_OBJC_LITERAL_CONVERSION = YES;
				CLANG_WARN_OBJC_ROOT_CLASS = YES_ERROR;
				CLANG_WARN_RANGE_LOOP_ANALYSIS = YES;
				CLANG_WARN_STRICT_PROTOTYPES = YES;
				CLANG_WARN_SUSPICIOUS_MOVE = YES;
				CLANG_WARN_UNGUARDED_AVAILABILITY = YES_AGGRESSIVE;
				CLANG_WARN_UNREACHABLE_CODE = YES;
				CLANG_WARN__DUPLICATE_METHOD_MATCH = YES;
				CODE_SIGN_IDENTITY = "iPhone Developer";
				COPY_PHASE_STRIP = NO;
				DEBUG_INFORMATION_FORMAT = "dwarf-with-dsym";
				ENABLE_NS_ASSERTIONS = NO;
				ENABLE_STRICT_OBJC_MSGSEND = YES;
				GCC_C_LANGUAGE_STANDARD = gnu11;
				GCC_NO_COMMON_BLOCKS = YES;
				GCC_WARN_64_TO_32_BIT_CONVERSION = YES;
				GCC_WARN_ABOUT_RETURN_TYPE = YES_ERROR;
				GCC_WARN_UNDECLARED_SELECTOR = YES;
				GCC_WARN_UNINITIALIZED_AUTOS = YES_AGGRESSIVE;
				GCC_WARN_UNUSED_FUNCTION = YES;
				GCC_WARN_UNUSED_VARIABLE = YES;
				IPHONEOS_DEPLOYMENT_TARGET = 12.1;
				MTL_ENABLE_DEBUG_INFO = NO;
				MTL_FAST_MATH = YES;
				SDKROOT = iphoneos;
				VALIDATE_PRODUCT = YES;
			};
			name = Release;
		};
		C2118EC521EF82870070DCB3 /* Debug */ = {
			isa = XCBuildConfiguration;
			baseConfigurationReference = 7A434F4175915C65433B409B /* Pods-tesWorpSpace.debug.xcconfig */;
			buildSettings = {
				ASSETCATALOG_COMPILER_APPICON_NAME = AppIcon;
				CODE_SIGN_STYLE = Automatic;
				DEVELOPMENT_TEAM = BPA2EJ42LT;
				INFOPLIST_FILE = tesWorpSpace/Info.plist;
				LD_RUNPATH_SEARCH_PATHS = (
					"$(inherited)",
					"@executable_path/Frameworks",
				);
				PRODUCT_BUNDLE_IDENTIFIER = com.yh.enterprise.tesWorpSpace;
				PRODUCT_NAME = "$(TARGET_NAME)";
				TARGETED_DEVICE_FAMILY = "1,2";
			};
			name = Debug;
		};
		C2118EC621EF82870070DCB3 /* Release */ = {
			isa = XCBuildConfiguration;
			baseConfigurationReference = E2410A560A08CF93251EA165 /* Pods-tesWorpSpace.release.xcconfig */;
			buildSettings = {
				ASSETCATALOG_COMPILER_APPICON_NAME = AppIcon;
				CODE_SIGN_STYLE = Automatic;
				DEVELOPMENT_TEAM = BPA2EJ42LT;
				INFOPLIST_FILE = tesWorpSpace/Info.plist;
				LD_RUNPATH_SEARCH_PATHS = (
					"$(inherited)",
					"@executable_path/Frameworks",
				);
				PRODUCT_BUNDLE_IDENTIFIER = com.yh.enterprise.tesWorpSpace;
				PRODUCT_NAME = "$(TARGET_NAME)";
				TARGETED_DEVICE_FAMILY = "1,2";
			};
			name = Release;
		};
/* End XCBuildConfiguration section */

/* Begin XCConfigurationList section */
		C2118EA621EF82860070DCB3 /* Build configuration list for PBXProject "tesWorpSpace" */ = {
			isa = XCConfigurationList;
			buildConfigurations = (
				C2118EC221EF82870070DCB3 /* Debug */,
				C2118EC321EF82870070DCB3 /* Release */,
			);
			defaultConfigurationIsVisible = 0;
			defaultConfigurationName = Release;
		};
		C2118EC421EF82870070DCB3 /* Build configuration list for PBXNativeTarget "tesWorpSpace" */ = {
			isa = XCConfigurationList;
			buildConfigurations = (
				C2118EC521EF82870070DCB3 /* Debug */,
				C2118EC621EF82870070DCB3 /* Release */,
			);
			defaultConfigurationIsVisible = 0;
			defaultConfigurationName = Release;
		};
/* End XCConfigurationList section */

/* Begin XCVersionGroup section */
		C2118EB721EF82860070DCB3 /* tesWorpSpace.xcdatamodeld */ = {
			isa = XCVersionGroup;
			children = (
				C2118EB821EF82860070DCB3 /* tesWorpSpace.xcdatamodel */,
			);
			currentVersion = C2118EB821EF82860070DCB3 /* tesWorpSpace.xcdatamodel */;
			path = tesWorpSpace.xcdatamodeld;
			sourceTree = "<group>";
			versionGroupType = wrapper.xcdatamodel;
		};
/* End XCVersionGroup section */
	};
	rootObject = C2118EA321EF82860070DCB3 /* Project object */;
}
